
Microsoft Visual Studio Solution File, Format Version 11.00
# Visual Studio 2010
Project("{FAE04EC0-301F-11D3-BF4B-00C04F79EFBC}") = "ScrumTime", "ScrumTime\ScrumTime.csproj", "{92FF6284-DB1A-46AC-9EC5-BCC7BDCC1A55}"
EndProject
Project("{FAE04EC0-301F-11D3-BF4B-00C04F79EFBC}") = "ScrumTime.Tests", "ScrumTime.Tests\ScrumTime.Tests.csproj", "{7BBEC458-3BE3-40C0-9C1C-5707A93EE55A}"
EndProject
Global
	GlobalSection(SolutionConfigurationPlatforms) = preSolution
		Debug|Any CPU = Debug|Any CPU
		Release|Any CPU = Release|Any CPU
	EndGlobalSection
	GlobalSection(ProjectConfigurationPlatforms) = postSolution
		{92FF6284-DB1A-46AC-9EC5-BCC7BDCC1A55}.Debug|Any CPU.ActiveCfg = Debug|Any CPU
		{92FF6284-DB1A-46AC-9EC5-BCC7BDCC1A55}.Debug|Any CPU.Build.0 = Debug|Any CPU
		{92FF6284-DB1A-46AC-9EC5-BCC7BDCC1A55}.Release|Any CPU.ActiveCfg = Release|Any CPU
		{92FF6284-DB1A-46AC-9EC5-BCC7BDCC1A55}.Release|Any CPU.Build.0 = Release|Any CPU
		{7BBEC458-3BE3-40C0-9C1C-5707A93EE55A}.Debug|Any CPU.ActiveCfg = Debug|Any CPU
		{7BBEC458-3BE3-40C0-9C1C-5707A93EE55A}.Debug|Any CPU.Build.0 = Debug|Any CPU
		{7BBEC458-3BE3-40C0-9C1C-5707A93EE55A}.Release|Any CPU.ActiveCfg = Release|Any CPU
		{7BBEC458-3BE3-40C0-9C1C-5707A93EE55A}.Release|Any CPU.Build.0 = Release|Any CPU
	EndGlobalSection
	GlobalSection(SolutionProperties) = preSolution
		HideSolutionNode = FALSE
	EndGlobalSection
EndGlobal
