
Microsoft Visual Studio Solution File, Format Version 12.00
# Visual Studio Version 16
VisualStudioVersion = 16.0.30104.148
MinimumVisualStudioVersion = 10.0.40219.1
Project("{9A19103F-16F7-4668-BE54-9A1E7A4F7556}") = "ScrumTime.Api", "ScrumTime.Api\ScrumTime.Api.csproj", "{881CBC07-0ECD-491B-8CE2-B80222F7F76E}"
EndProject
Project("{FAE04EC0-301F-11D3-BF4B-00C04F79EFBC}") = "ScrumTime.Domain", "ScrumTime.Domain\ScrumTime.Domain.csproj", "{1F8E5E53-8E7F-443D-9022-3E742E6F4D07}"
EndProject
Global
	GlobalSection(SolutionConfigurationPlatforms) = preSolution
		Debug|Any CPU = Debug|Any CPU
		Release|Any CPU = Release|Any CPU
	EndGlobalSection
	GlobalSection(ProjectConfigurationPlatforms) = postSolution
		{881CBC07-0ECD-491B-8CE2-B80222F7F76E}.Debug|Any CPU.ActiveCfg = Debug|Any CPU
		{881CBC07-0ECD-491B-8CE2-B80222F7F76E}.Debug|Any CPU.Build.0 = Debug|Any CPU
		{881CBC07-0ECD-491B-8CE2-B80222F7F76E}.Release|Any CPU.ActiveCfg = Release|Any CPU
		{881CBC07-0ECD-491B-8CE2-B80222F7F76E}.Release|Any CPU.Build.0 = Release|Any CPU
		{1F8E5E53-8E7F-443D-9022-3E742E6F4D07}.Debug|Any CPU.ActiveCfg = Debug|Any CPU
		{1F8E5E53-8E7F-443D-9022-3E742E6F4D07}.Debug|Any CPU.Build.0 = Debug|Any CPU
		{1F8E5E53-8E7F-443D-9022-3E742E6F4D07}.Release|Any CPU.ActiveCfg = Release|Any CPU
		{1F8E5E53-8E7F-443D-9022-3E742E6F4D07}.Release|Any CPU.Build.0 = Release|Any CPU
	EndGlobalSection
	GlobalSection(SolutionProperties) = preSolution
		HideSolutionNode = FALSE
	EndGlobalSection
	GlobalSection(ExtensibilityGlobals) = postSolution
		SolutionGuid = {1AD19A3B-06CC-4387-8C78-65B6DCB6752A}
	EndGlobalSection
EndGlobal
